
Microsoft Visual Studio Solution File, Format Version 12.00
# Visual Studio Version 17
Project("{8BC9CEB8-8B4A-11D0-8D11-00A0C91BC942}") = "ALL_BUILD", "ALL_BUILD.vcxproj", "{8F5A504B-498D-335A-9A46-0C879807D681}"
	ProjectSection(ProjectDependencies) = postProject
		{4D6ED192-48D1-3BBF-889E-BBD718919040} = {4D6ED192-48D1-3BBF-889E-BBD718919040}
		{1F661AF6-C545-3467-9480-1AA8FB8C435D} = {1F661AF6-C545-3467-9480-1AA8FB8C435D}
		{56F2BD4A-B396-3DBA-B578-92CE57293A90} = {56F2BD4A-B396-3DBA-B578-92CE57293A90}
		{241701BA-F379-3B56-9996-E10FA74635D7} = {241701BA-F379-3B56-9996-E10FA74635D7}
		{C47CC0C1-E287-34DF-A3BD-7A0186CE5369} = {C47CC0C1-E287-34DF-A3BD-7A0186CE5369}
		{0CFD1177-B0D0-3C28-ADDE-8E7E59644EA7} = {0CFD1177-B0D0-3C28-ADDE-8E7E59644EA7}
	EndProjectSection
EndProject
Project("{8BC9CEB8-8B4A-11D0-8D11-00A0C91BC942}") = "Lights", "lights\Lights.vcxproj", "{4D6ED192-48D1-3BBF-889E-BBD718919040}"
	ProjectSection(ProjectDependencies) = postProject
		{1F661AF6-C545-3467-9480-1AA8FB8C435D} = {1F661AF6-C545-3467-9480-1AA8FB8C435D}
		{C47CC0C1-E287-34DF-A3BD-7A0186CE5369} = {C47CC0C1-E287-34DF-A3BD-7A0186CE5369}
	EndProjectSection
EndProject
Project("{8BC9CEB8-8B4A-11D0-8D11-00A0C91BC942}") = "ZERO_CHECK", "ZERO_CHECK.vcxproj", "{1F661AF6-C545-3467-9480-1AA8FB8C435D}"
	ProjectSection(ProjectDependencies) = postProject
	EndProjectSection
EndProject
Project("{8BC9CEB8-8B4A-11D0-8D11-00A0C91BC942}") = "gtest", "gtest\gtest.vcxproj", "{56F2BD4A-B396-3DBA-B578-92CE57293A90}"
	ProjectSection(ProjectDependencies) = postProject
		{1F661AF6-C545-3467-9480-1AA8FB8C435D} = {1F661AF6-C545-3467-9480-1AA8FB8C435D}
	EndProjectSection
EndProject
Project("{8BC9CEB8-8B4A-11D0-8D11-00A0C91BC942}") = "sample_prime_numbers", "samples\sample_prime_numbers.vcxproj", "{241701BA-F379-3B56-9996-E10FA74635D7}"
	ProjectSection(ProjectDependencies) = postProject
		{1F661AF6-C545-3467-9480-1AA8FB8C435D} = {1F661AF6-C545-3467-9480-1AA8FB8C435D}
		{C47CC0C1-E287-34DF-A3BD-7A0186CE5369} = {C47CC0C1-E287-34DF-A3BD-7A0186CE5369}
	EndProjectSection
EndProject
Project("{8BC9CEB8-8B4A-11D0-8D11-00A0C91BC942}") = "set", "src\set.vcxproj", "{C47CC0C1-E287-34DF-A3BD-7A0186CE5369}"
	ProjectSection(ProjectDependencies) = postProject
		{1F661AF6-C545-3467-9480-1AA8FB8C435D} = {1F661AF6-C545-3467-9480-1AA8FB8C435D}
	EndProjectSection
EndProject
Project("{8BC9CEB8-8B4A-11D0-8D11-00A0C91BC942}") = "test_set", "test\test_set.vcxproj", "{0CFD1177-B0D0-3C28-ADDE-8E7E59644EA7}"
	ProjectSection(ProjectDependencies) = postProject
		{1F661AF6-C545-3467-9480-1AA8FB8C435D} = {1F661AF6-C545-3467-9480-1AA8FB8C435D}
		{56F2BD4A-B396-3DBA-B578-92CE57293A90} = {56F2BD4A-B396-3DBA-B578-92CE57293A90}
		{C47CC0C1-E287-34DF-A3BD-7A0186CE5369} = {C47CC0C1-E287-34DF-A3BD-7A0186CE5369}
	EndProjectSection
EndProject
Global
	GlobalSection(SolutionConfigurationPlatforms) = preSolution
		Debug|x64 = Debug|x64
		Release|x64 = Release|x64
	EndGlobalSection
	GlobalSection(ProjectConfigurationPlatforms) = postSolution
		{8F5A504B-498D-335A-9A46-0C879807D681}.Debug|x64.ActiveCfg = Debug|x64
		{8F5A504B-498D-335A-9A46-0C879807D681}.Release|x64.ActiveCfg = Release|x64
		{4D6ED192-48D1-3BBF-889E-BBD718919040}.Debug|x64.ActiveCfg = Debug|x64
		{4D6ED192-48D1-3BBF-889E-BBD718919040}.Debug|x64.Build.0 = Debug|x64
		{4D6ED192-48D1-3BBF-889E-BBD718919040}.Release|x64.ActiveCfg = Release|x64
		{4D6ED192-48D1-3BBF-889E-BBD718919040}.Release|x64.Build.0 = Release|x64
		{1F661AF6-C545-3467-9480-1AA8FB8C435D}.Debug|x64.ActiveCfg = Debug|x64
		{1F661AF6-C545-3467-9480-1AA8FB8C435D}.Debug|x64.Build.0 = Debug|x64
		{1F661AF6-C545-3467-9480-1AA8FB8C435D}.Release|x64.ActiveCfg = Release|x64
		{1F661AF6-C545-3467-9480-1AA8FB8C435D}.Release|x64.Build.0 = Release|x64
		{56F2BD4A-B396-3DBA-B578-92CE57293A90}.Debug|x64.ActiveCfg = Debug|x64
		{56F2BD4A-B396-3DBA-B578-92CE57293A90}.Debug|x64.Build.0 = Debug|x64
		{56F2BD4A-B396-3DBA-B578-92CE57293A90}.Release|x64.ActiveCfg = Release|x64
		{56F2BD4A-B396-3DBA-B578-92CE57293A90}.Release|x64.Build.0 = Release|x64
		{241701BA-F379-3B56-9996-E10FA74635D7}.Debug|x64.ActiveCfg = Debug|x64
		{241701BA-F379-3B56-9996-E10FA74635D7}.Debug|x64.Build.0 = Debug|x64
		{241701BA-F379-3B56-9996-E10FA74635D7}.Release|x64.ActiveCfg = Release|x64
		{241701BA-F379-3B56-9996-E10FA74635D7}.Release|x64.Build.0 = Release|x64
		{C47CC0C1-E287-34DF-A3BD-7A0186CE5369}.Debug|x64.ActiveCfg = Debug|x64
		{C47CC0C1-E287-34DF-A3BD-7A0186CE5369}.Debug|x64.Build.0 = Debug|x64
		{C47CC0C1-E287-34DF-A3BD-7A0186CE5369}.Release|x64.ActiveCfg = Release|x64
		{C47CC0C1-E287-34DF-A3BD-7A0186CE5369}.Release|x64.Build.0 = Release|x64
		{0CFD1177-B0D0-3C28-ADDE-8E7E59644EA7}.Debug|x64.ActiveCfg = Debug|x64
		{0CFD1177-B0D0-3C28-ADDE-8E7E59644EA7}.Debug|x64.Build.0 = Debug|x64
		{0CFD1177-B0D0-3C28-ADDE-8E7E59644EA7}.Release|x64.ActiveCfg = Release|x64
		{0CFD1177-B0D0-3C28-ADDE-8E7E59644EA7}.Release|x64.Build.0 = Release|x64
	EndGlobalSection
	GlobalSection(ExtensibilityGlobals) = postSolution
		SolutionGuid = {AC1CEA56-6F9E-3CDC-9B0C-C14FB71EA542}
	EndGlobalSection
	GlobalSection(ExtensibilityAddIns) = postSolution
	EndGlobalSection
EndGlobal
